
Microsoft Visual Studio Solution File, Format Version 12.00
# Visual Studio 15
VisualStudioVersion = 15.0.27130.2010
MinimumVisualStudioVersion = 10.0.40219.1
Project("{8BC9CEB8-8B4A-11D0-8D11-00A0C91BC942}") = "CurlEx", "CurlEx.vcxproj", "{3CF2295E-29CC-4DE3-841D-3256045B4006}"
EndProject
Project("{8BC9CEB8-8B4A-11D0-8D11-00A0C91BC942}") = "CurlExLauncher", "..\CurlExLauncher\CurlExLauncher.vcxproj", "{9A82AC23-FC06-4D3E-97B5-C6F4D4BD203A}"
EndProject
Global
	GlobalSection(SolutionConfigurationPlatforms) = preSolution
		Debug|x64 = Debug|x64
		Debug|x86 = Debug|x86
		Release|x64 = Release|x64
		Release|x86 = Release|x86
	EndGlobalSection
	GlobalSection(ProjectConfigurationPlatforms) = postSolution
		{3CF2295E-29CC-4DE3-841D-3256045B4006}.Debug|x64.ActiveCfg = Debug|x64
		{3CF2295E-29CC-4DE3-841D-3256045B4006}.Debug|x64.Build.0 = Debug|x64
		{3CF2295E-29CC-4DE3-841D-3256045B4006}.Debug|x86.ActiveCfg = Debug|Win32
		{3CF2295E-29CC-4DE3-841D-3256045B4006}.Debug|x86.Build.0 = Debug|Win32
		{3CF2295E-29CC-4DE3-841D-3256045B4006}.Release|x64.ActiveCfg = Release|x64
		{3CF2295E-29CC-4DE3-841D-3256045B4006}.Release|x64.Build.0 = Release|x64
		{3CF2295E-29CC-4DE3-841D-3256045B4006}.Release|x86.ActiveCfg = Release|Win32
		{3CF2295E-29CC-4DE3-841D-3256045B4006}.Release|x86.Build.0 = Release|Win32
		{9A82AC23-FC06-4D3E-97B5-C6F4D4BD203A}.Debug|x64.ActiveCfg = Debug|x64
		{9A82AC23-FC06-4D3E-97B5-C6F4D4BD203A}.Debug|x64.Build.0 = Debug|x64
		{9A82AC23-FC06-4D3E-97B5-C6F4D4BD203A}.Debug|x86.ActiveCfg = Debug|Win32
		{9A82AC23-FC06-4D3E-97B5-C6F4D4BD203A}.Debug|x86.Build.0 = Debug|Win32
		{9A82AC23-FC06-4D3E-97B5-C6F4D4BD203A}.Release|x64.ActiveCfg = Release|x64
		{9A82AC23-FC06-4D3E-97B5-C6F4D4BD203A}.Release|x64.Build.0 = Release|x64
		{9A82AC23-FC06-4D3E-97B5-C6F4D4BD203A}.Release|x86.ActiveCfg = Release|Win32
		{9A82AC23-FC06-4D3E-97B5-C6F4D4BD203A}.Release|x86.Build.0 = Release|Win32
	EndGlobalSection
	GlobalSection(SolutionProperties) = preSolution
		HideSolutionNode = FALSE
	EndGlobalSection
	GlobalSection(ExtensibilityGlobals) = postSolution
		SolutionGuid = {F9DF9AA1-4B75-4FFA-AA03-3039E23693EF}
	EndGlobalSection
EndGlobal
